
Microsoft Visual Studio Solution File, Format Version 12.00
# Visual Studio 15
Project("{FAE04EC0-301F-11D3-BF4B-00C04F79EFBC}") = "Assembly-CSharp-firstpass", "Assembly-CSharp-firstpass.csproj", "{6521E0B8-D1EA-37D8-0737-BC71DEB94361}"
EndProject
Project("{FAE04EC0-301F-11D3-BF4B-00C04F79EFBC}") = "Assembly-CSharp", "Assembly-CSharp.csproj", "{74517C5A-3D96-83E5-DC95-5845B4929015}"
EndProject
Global
	GlobalSection(SolutionConfigurationPlatforms) = preSolution
		Debug|Any CPU = Debug|Any CPU
		Release|Any CPU = Release|Any CPU
	EndGlobalSection
	GlobalSection(ProjectConfigurationPlatforms) = postSolution
		{6521E0B8-D1EA-37D8-0737-BC71DEB94361}.Debug|Any CPU.ActiveCfg = Debug|Any CPU
		{6521E0B8-D1EA-37D8-0737-BC71DEB94361}.Debug|Any CPU.Build.0 = Debug|Any CPU
		{6521E0B8-D1EA-37D8-0737-BC71DEB94361}.Release|Any CPU.ActiveCfg = Release|Any CPU
		{6521E0B8-D1EA-37D8-0737-BC71DEB94361}.Release|Any CPU.Build.0 = Release|Any CPU
		{74517C5A-3D96-83E5-DC95-5845B4929015}.Debug|Any CPU.ActiveCfg = Debug|Any CPU
		{74517C5A-3D96-83E5-DC95-5845B4929015}.Debug|Any CPU.Build.0 = Debug|Any CPU
		{74517C5A-3D96-83E5-DC95-5845B4929015}.Release|Any CPU.ActiveCfg = Release|Any CPU
		{74517C5A-3D96-83E5-DC95-5845B4929015}.Release|Any CPU.Build.0 = Release|Any CPU
	EndGlobalSection
	GlobalSection(SolutionProperties) = preSolution
		HideSolutionNode = FALSE
	EndGlobalSection
EndGlobal
